
Microsoft Visual Studio Solution File, Format Version 12.00
# Visual Studio Version 17
VisualStudioVersion = 17.11.35312.102
MinimumVisualStudioVersion = 10.0.40219.1
Project("{FAE04EC0-301F-11D3-BF4B-00C04F79EFBC}") = "YouTubeApiProject", "YouTubeApiProject\YouTubeApiProject.csproj", "{C21684E0-AA4E-46CF-BFA7-ADD2AFBF98F5}"
EndProject
Global
	GlobalSection(SolutionConfigurationPlatforms) = preSolution
		Debug|Any CPU = Debug|Any CPU
		Release|Any CPU = Release|Any CPU
	EndGlobalSection
	GlobalSection(ProjectConfigurationPlatforms) = postSolution
		{C21684E0-AA4E-46CF-BFA7-ADD2AFBF98F5}.Debug|Any CPU.ActiveCfg = Debug|Any CPU
		{C21684E0-AA4E-46CF-BFA7-ADD2AFBF98F5}.Debug|Any CPU.Build.0 = Debug|Any CPU
		{C21684E0-AA4E-46CF-BFA7-ADD2AFBF98F5}.Release|Any CPU.ActiveCfg = Release|Any CPU
		{C21684E0-AA4E-46CF-BFA7-ADD2AFBF98F5}.Release|Any CPU.Build.0 = Release|Any CPU
	EndGlobalSection
	GlobalSection(SolutionProperties) = preSolution
		HideSolutionNode = FALSE
	EndGlobalSection
	GlobalSection(ExtensibilityGlobals) = postSolution
		SolutionGuid = {93F2D271-4E30-425C-9D86-12408062AC14}
	EndGlobalSection
EndGlobal
